
Microsoft Visual Studio Solution File, Format Version 12.00
# Visual Studio 2012
Project("{FAE04EC0-301F-11D3-BF4B-00C04F79EFBC}") = "Week5CodeChallenge", "Week5CodeChallenge\Week5CodeChallenge.csproj", "{64644655-8F2B-4A9D-8976-962FFD22B086}"
EndProject
Global
	GlobalSection(SolutionConfigurationPlatforms) = preSolution
		Debug|Any CPU = Debug|Any CPU
		Release|Any CPU = Release|Any CPU
	EndGlobalSection
	GlobalSection(ProjectConfigurationPlatforms) = postSolution
		{64644655-8F2B-4A9D-8976-962FFD22B086}.Debug|Any CPU.ActiveCfg = Debug|Any CPU
		{64644655-8F2B-4A9D-8976-962FFD22B086}.Debug|Any CPU.Build.0 = Debug|Any CPU
		{64644655-8F2B-4A9D-8976-962FFD22B086}.Release|Any CPU.ActiveCfg = Release|Any CPU
		{64644655-8F2B-4A9D-8976-962FFD22B086}.Release|Any CPU.Build.0 = Release|Any CPU
	EndGlobalSection
	GlobalSection(SolutionProperties) = preSolution
		HideSolutionNode = FALSE
	EndGlobalSection
EndGlobal
